
Microsoft Visual Studio Solution File, Format Version 12.00
# Visual Studio Version 16
VisualStudioVersion = 16.0.31729.503
MinimumVisualStudioVersion = 10.0.40219.1
Project("{2150E333-8FDC-42A3-9474-1A3956D46DE8}") = "Services", "Services", "{EE1CBED0-5DBC-44F7-997C-1BB357A23BAD}"
EndProject
Project("{2150E333-8FDC-42A3-9474-1A3956D46DE8}") = "BuyServices", "BuyServices", "{8693DC77-3572-41DB-9F9D-CBBEB2EBF912}"
EndProject
Project("{FAE04EC0-301F-11D3-BF4B-00C04F79EFBC}") = "BuyServices.API", "Services\BuyServices\BuyServices.API\BuyServices.API.csproj", "{EC5E8B86-A7BA-4A5E-90DE-E55502DECC18}"
EndProject
Global
	GlobalSection(SolutionConfigurationPlatforms) = preSolution
		Debug|Any CPU = Debug|Any CPU
		Release|Any CPU = Release|Any CPU
	EndGlobalSection
	GlobalSection(ProjectConfigurationPlatforms) = postSolution
		{EC5E8B86-A7BA-4A5E-90DE-E55502DECC18}.Debug|Any CPU.ActiveCfg = Debug|Any CPU
		{EC5E8B86-A7BA-4A5E-90DE-E55502DECC18}.Debug|Any CPU.Build.0 = Debug|Any CPU
		{EC5E8B86-A7BA-4A5E-90DE-E55502DECC18}.Release|Any CPU.ActiveCfg = Release|Any CPU
		{EC5E8B86-A7BA-4A5E-90DE-E55502DECC18}.Release|Any CPU.Build.0 = Release|Any CPU
	EndGlobalSection
	GlobalSection(SolutionProperties) = preSolution
		HideSolutionNode = FALSE
	EndGlobalSection
	GlobalSection(NestedProjects) = preSolution
		{8693DC77-3572-41DB-9F9D-CBBEB2EBF912} = {EE1CBED0-5DBC-44F7-997C-1BB357A23BAD}
		{EC5E8B86-A7BA-4A5E-90DE-E55502DECC18} = {8693DC77-3572-41DB-9F9D-CBBEB2EBF912}
	EndGlobalSection
	GlobalSection(ExtensibilityGlobals) = postSolution
		SolutionGuid = {581940AD-1160-432E-8180-BCC79A07CD46}
	EndGlobalSection
EndGlobal
